
Microsoft Visual Studio Solution File, Format Version 12.00
# Visual Studio Version 17
VisualStudioVersion = 17.10.34928.147
MinimumVisualStudioVersion = 10.0.40219.1
Project("{FAE04EC0-301F-11D3-BF4B-00C04F79EFBC}") = "Application", "Application.csproj", "{E31ECC21-CC61-483C-BDA2-BD58CD30ABDA}"
EndProject
Global
	GlobalSection(SolutionConfigurationPlatforms) = preSolution
		Debug|Any CPU = Debug|Any CPU
		Release|Any CPU = Release|Any CPU
	EndGlobalSection
	GlobalSection(ProjectConfigurationPlatforms) = postSolution
		{E31ECC21-CC61-483C-BDA2-BD58CD30ABDA}.Debug|Any CPU.ActiveCfg = Debug|Any CPU
		{E31ECC21-CC61-483C-BDA2-BD58CD30ABDA}.Debug|Any CPU.Build.0 = Debug|Any CPU
		{E31ECC21-CC61-483C-BDA2-BD58CD30ABDA}.Release|Any CPU.ActiveCfg = Release|Any CPU
		{E31ECC21-CC61-483C-BDA2-BD58CD30ABDA}.Release|Any CPU.Build.0 = Release|Any CPU
	EndGlobalSection
	GlobalSection(SolutionProperties) = preSolution
		HideSolutionNode = FALSE
	EndGlobalSection
	GlobalSection(ExtensibilityGlobals) = postSolution
		SolutionGuid = {83FC76C6-09D7-4F5A-B62C-59D312C21226}
	EndGlobalSection
EndGlobal
